
Microsoft Visual Studio Solution File, Format Version 12.00
# Visual Studio 15
VisualStudioVersion = 15.0.27130.2027
MinimumVisualStudioVersion = 10.0.40219.1
Project("{FAE04EC0-301F-11D3-BF4B-00C04F79EFBC}") = "CodenjoyBot", "CodenjoyBot\CodenjoyBot.csproj", "{3D3DBB7E-341A-4A52-9F9E-EB364B372C42}"
EndProject
Project("{FAE04EC0-301F-11D3-BF4B-00C04F79EFBC}") = "DataProvider", "DataProvider\DataProvider.csproj", "{F609424B-FB83-4886-B452-B849A49EA6B3}"
EndProject
Global
	GlobalSection(SolutionConfigurationPlatforms) = preSolution
		Debug|Any CPU = Debug|Any CPU
		Release|Any CPU = Release|Any CPU
	EndGlobalSection
	GlobalSection(ProjectConfigurationPlatforms) = postSolution
		{3D3DBB7E-341A-4A52-9F9E-EB364B372C42}.Debug|Any CPU.ActiveCfg = Debug|Any CPU
		{3D3DBB7E-341A-4A52-9F9E-EB364B372C42}.Debug|Any CPU.Build.0 = Debug|Any CPU
		{3D3DBB7E-341A-4A52-9F9E-EB364B372C42}.Release|Any CPU.ActiveCfg = Release|Any CPU
		{3D3DBB7E-341A-4A52-9F9E-EB364B372C42}.Release|Any CPU.Build.0 = Release|Any CPU
		{F609424B-FB83-4886-B452-B849A49EA6B3}.Debug|Any CPU.ActiveCfg = Debug|Any CPU
		{F609424B-FB83-4886-B452-B849A49EA6B3}.Debug|Any CPU.Build.0 = Debug|Any CPU
		{F609424B-FB83-4886-B452-B849A49EA6B3}.Release|Any CPU.ActiveCfg = Release|Any CPU
		{F609424B-FB83-4886-B452-B849A49EA6B3}.Release|Any CPU.Build.0 = Release|Any CPU
	EndGlobalSection
	GlobalSection(SolutionProperties) = preSolution
		HideSolutionNode = FALSE
	EndGlobalSection
	GlobalSection(ExtensibilityGlobals) = postSolution
		SolutionGuid = {3F33309F-BBC8-4735-B337-6A8581197F62}
	EndGlobalSection
EndGlobal
