
Microsoft Visual Studio Solution File, Format Version 12.00
# Visual Studio 15
VisualStudioVersion = 15.0.28307.489
MinimumVisualStudioVersion = 10.0.40219.1
Project("{FAE04EC0-301F-11D3-BF4B-00C04F79EFBC}") = "CodenjoyBot", "CodenjoyBot\CodenjoyBot.csproj", "{3D3DBB7E-341A-4A52-9F9E-EB364B372C42}"
EndProject
Project("{FAE04EC0-301F-11D3-BF4B-00C04F79EFBC}") = "BomberMan-SuperAI", "BomberMan-SuperAI\BomberMan-SuperAI.csproj", "{112643C0-0B46-45A7-B9DB-D086C968A193}"
EndProject
Project("{FAE04EC0-301F-11D3-BF4B-00C04F79EFBC}") = "Debugger", "Debugger\Debugger.csproj", "{4A2A0299-1E37-44FE-AAC4-9CB24004B686}"
EndProject
Project("{FAE04EC0-301F-11D3-BF4B-00C04F79EFBC}") = "BattleBot-SuperAI", "BattleBot-SuperAI\BattleBot-SuperAI.csproj", "{E42BA438-E1B2-4F7F-B2DB-26C4D718B82E}"
EndProject
Project("{FAE04EC0-301F-11D3-BF4B-00C04F79EFBC}") = "BattleBot-SimpleAI", "BattleBot-SimpleAI\BattleBot-SimpleAI.csproj", "{E112663A-B566-491F-8E71-3A96F5E7087C}"
EndProject
Global
	GlobalSection(SolutionConfigurationPlatforms) = preSolution
		Debug|Any CPU = Debug|Any CPU
		Release|Any CPU = Release|Any CPU
	EndGlobalSection
	GlobalSection(ProjectConfigurationPlatforms) = postSolution
		{3D3DBB7E-341A-4A52-9F9E-EB364B372C42}.Debug|Any CPU.ActiveCfg = Debug|Any CPU
		{3D3DBB7E-341A-4A52-9F9E-EB364B372C42}.Debug|Any CPU.Build.0 = Debug|Any CPU
		{3D3DBB7E-341A-4A52-9F9E-EB364B372C42}.Release|Any CPU.ActiveCfg = Release|Any CPU
		{3D3DBB7E-341A-4A52-9F9E-EB364B372C42}.Release|Any CPU.Build.0 = Release|Any CPU
		{112643C0-0B46-45A7-B9DB-D086C968A193}.Debug|Any CPU.ActiveCfg = Debug|Any CPU
		{112643C0-0B46-45A7-B9DB-D086C968A193}.Debug|Any CPU.Build.0 = Debug|Any CPU
		{112643C0-0B46-45A7-B9DB-D086C968A193}.Release|Any CPU.ActiveCfg = Release|Any CPU
		{112643C0-0B46-45A7-B9DB-D086C968A193}.Release|Any CPU.Build.0 = Release|Any CPU
		{4A2A0299-1E37-44FE-AAC4-9CB24004B686}.Debug|Any CPU.ActiveCfg = Debug|Any CPU
		{4A2A0299-1E37-44FE-AAC4-9CB24004B686}.Debug|Any CPU.Build.0 = Debug|Any CPU
		{4A2A0299-1E37-44FE-AAC4-9CB24004B686}.Release|Any CPU.ActiveCfg = Release|Any CPU
		{4A2A0299-1E37-44FE-AAC4-9CB24004B686}.Release|Any CPU.Build.0 = Release|Any CPU
		{E42BA438-E1B2-4F7F-B2DB-26C4D718B82E}.Debug|Any CPU.ActiveCfg = Debug|Any CPU
		{E42BA438-E1B2-4F7F-B2DB-26C4D718B82E}.Debug|Any CPU.Build.0 = Debug|Any CPU
		{E42BA438-E1B2-4F7F-B2DB-26C4D718B82E}.Release|Any CPU.ActiveCfg = Release|Any CPU
		{E42BA438-E1B2-4F7F-B2DB-26C4D718B82E}.Release|Any CPU.Build.0 = Release|Any CPU
		{E112663A-B566-491F-8E71-3A96F5E7087C}.Debug|Any CPU.ActiveCfg = Debug|Any CPU
		{E112663A-B566-491F-8E71-3A96F5E7087C}.Debug|Any CPU.Build.0 = Debug|Any CPU
		{E112663A-B566-491F-8E71-3A96F5E7087C}.Release|Any CPU.ActiveCfg = Release|Any CPU
		{E112663A-B566-491F-8E71-3A96F5E7087C}.Release|Any CPU.Build.0 = Release|Any CPU
	EndGlobalSection
	GlobalSection(SolutionProperties) = preSolution
		HideSolutionNode = FALSE
	EndGlobalSection
	GlobalSection(ExtensibilityGlobals) = postSolution
		SolutionGuid = {3F33309F-BBC8-4735-B337-6A8581197F62}
	EndGlobalSection
EndGlobal
