
Microsoft Visual Studio Solution File, Format Version 12.00
# Visual Studio Version 16
VisualStudioVersion = 16.0.29025.244
MinimumVisualStudioVersion = 10.0.40219.1
Project("{FAE04EC0-301F-11D3-BF4B-00C04F79EFBC}") = "BomberMan-SuperAI", "BomberMan-SuperAI\BomberMan-SuperAI.csproj", "{112643C0-0B46-45A7-B9DB-D086C968A193}"
EndProject
Project("{FAE04EC0-301F-11D3-BF4B-00C04F79EFBC}") = "Debugger", "Debugger\Debugger.csproj", "{4A2A0299-1E37-44FE-AAC4-9CB24004B686}"
EndProject
Project("{FAE04EC0-301F-11D3-BF4B-00C04F79EFBC}") = "BattleBot-SuperAI", "BattleBot-SuperAI\BattleBot-SuperAI.csproj", "{E42BA438-E1B2-4F7F-B2DB-26C4D718B82E}"
EndProject
Project("{FAE04EC0-301F-11D3-BF4B-00C04F79EFBC}") = "BattleBot-SimpleAI", "BattleBot-SimpleAI\BattleBot-SimpleAI.csproj", "{E112663A-B566-491F-8E71-3A96F5E7087C}"
EndProject
Project("{FAE04EC0-301F-11D3-BF4B-00C04F79EFBC}") = "PaperIO-MiniCupsAI", "PaperIO-MiniCupsAI\PaperIO-MiniCupsAI.csproj", "{D46B894E-599B-4D8F-A55D-B5384F01E2D9}"
EndProject
Project("{2150E333-8FDC-42A3-9474-1A3956D46DE8}") = "AI", "AI", "{84A7947A-F019-4362-AEE5-2FC088E88A50}"
EndProject
Project("{FAE04EC0-301F-11D3-BF4B-00C04F79EFBC}") = "BotBase", "BotBase\BotBase.csproj", "{52C7BAF6-E076-4CEE-9C51-7843E0D87695}"
EndProject
Project("{FAE04EC0-301F-11D3-BF4B-00C04F79EFBC}") = "PaperIoStrategy", "..\..\..\source\repos\PaperIo\PaperIoStrategy\PaperIoStrategy.csproj", "{FDBC9C2F-8CF1-46A9-8C0D-32473686EA17}"
EndProject
Project("{FAE04EC0-301F-11D3-BF4B-00C04F79EFBC}") = "BotBaseControls", "BotBaseControls\BotBaseControls.csproj", "{C2742165-3129-4C89-82C4-00D712713EAB}"
EndProject
Project("{FAE04EC0-301F-11D3-BF4B-00C04F79EFBC}") = "FileSystemDataProvider", "FileSystemDataProvider\FileSystemDataProvider.csproj", "{A06D9F81-7E4F-42B4-B152-1A7BB44D1E8A}"
EndProject
Project("{FAE04EC0-301F-11D3-BF4B-00C04F79EFBC}") = "DataBaseDataProvider", "DataBaseDataProvider\DataBaseDataProvider.csproj", "{2594CA33-D739-4B87-9A96-1C0098017494}"
EndProject
Project("{FAE04EC0-301F-11D3-BF4B-00C04F79EFBC}") = "WebSocketDataProvider", "WebSocketDataProvider\WebSocketDataProvider.csproj", "{57B8AF65-E328-41B7-AEB7-42C26F0DAE9E}"
EndProject
Project("{2150E333-8FDC-42A3-9474-1A3956D46DE8}") = "DataProviders", "DataProviders", "{34CACAAD-87C5-4B99-A4F2-18F3F2B17E9F}"
EndProject
Project("{FAE04EC0-301F-11D3-BF4B-00C04F79EFBC}") = "FileSystemDataProviderView", "FileSystemDataProviderView\FileSystemDataProviderView.csproj", "{3760A0E7-73AD-4E0D-BFB8-D5A13F1C96E2}"
EndProject
Project("{FAE04EC0-301F-11D3-BF4B-00C04F79EFBC}") = "DataBaseDataProviderView", "DataBaseDataProviderView\DataBaseDataProviderView.csproj", "{BCDB5779-2BA6-4570-B105-ACE09F504649}"
EndProject
Project("{FAE04EC0-301F-11D3-BF4B-00C04F79EFBC}") = "WebSocketDataProviderView", "WebSocketDataProviderView\WebSocketDataProviderView.csproj", "{65399229-F51A-4F7B-8BFE-3C154A028F75}"
EndProject
Global
	GlobalSection(SolutionConfigurationPlatforms) = preSolution
		Debug|Any CPU = Debug|Any CPU
		Release|Any CPU = Release|Any CPU
	EndGlobalSection
	GlobalSection(ProjectConfigurationPlatforms) = postSolution
		{112643C0-0B46-45A7-B9DB-D086C968A193}.Debug|Any CPU.ActiveCfg = Debug|Any CPU
		{112643C0-0B46-45A7-B9DB-D086C968A193}.Debug|Any CPU.Build.0 = Debug|Any CPU
		{112643C0-0B46-45A7-B9DB-D086C968A193}.Release|Any CPU.ActiveCfg = Release|Any CPU
		{112643C0-0B46-45A7-B9DB-D086C968A193}.Release|Any CPU.Build.0 = Release|Any CPU
		{4A2A0299-1E37-44FE-AAC4-9CB24004B686}.Debug|Any CPU.ActiveCfg = Debug|Any CPU
		{4A2A0299-1E37-44FE-AAC4-9CB24004B686}.Debug|Any CPU.Build.0 = Debug|Any CPU
		{4A2A0299-1E37-44FE-AAC4-9CB24004B686}.Release|Any CPU.ActiveCfg = Release|Any CPU
		{4A2A0299-1E37-44FE-AAC4-9CB24004B686}.Release|Any CPU.Build.0 = Release|Any CPU
		{E42BA438-E1B2-4F7F-B2DB-26C4D718B82E}.Debug|Any CPU.ActiveCfg = Debug|Any CPU
		{E42BA438-E1B2-4F7F-B2DB-26C4D718B82E}.Debug|Any CPU.Build.0 = Debug|Any CPU
		{E42BA438-E1B2-4F7F-B2DB-26C4D718B82E}.Release|Any CPU.ActiveCfg = Release|Any CPU
		{E42BA438-E1B2-4F7F-B2DB-26C4D718B82E}.Release|Any CPU.Build.0 = Release|Any CPU
		{E112663A-B566-491F-8E71-3A96F5E7087C}.Debug|Any CPU.ActiveCfg = Debug|Any CPU
		{E112663A-B566-491F-8E71-3A96F5E7087C}.Debug|Any CPU.Build.0 = Debug|Any CPU
		{E112663A-B566-491F-8E71-3A96F5E7087C}.Release|Any CPU.ActiveCfg = Release|Any CPU
		{E112663A-B566-491F-8E71-3A96F5E7087C}.Release|Any CPU.Build.0 = Release|Any CPU
		{D46B894E-599B-4D8F-A55D-B5384F01E2D9}.Debug|Any CPU.ActiveCfg = Debug|Any CPU
		{D46B894E-599B-4D8F-A55D-B5384F01E2D9}.Debug|Any CPU.Build.0 = Debug|Any CPU
		{D46B894E-599B-4D8F-A55D-B5384F01E2D9}.Release|Any CPU.ActiveCfg = Release|Any CPU
		{D46B894E-599B-4D8F-A55D-B5384F01E2D9}.Release|Any CPU.Build.0 = Release|Any CPU
		{52C7BAF6-E076-4CEE-9C51-7843E0D87695}.Debug|Any CPU.ActiveCfg = Debug|Any CPU
		{52C7BAF6-E076-4CEE-9C51-7843E0D87695}.Debug|Any CPU.Build.0 = Debug|Any CPU
		{52C7BAF6-E076-4CEE-9C51-7843E0D87695}.Release|Any CPU.ActiveCfg = Release|Any CPU
		{52C7BAF6-E076-4CEE-9C51-7843E0D87695}.Release|Any CPU.Build.0 = Release|Any CPU
		{FDBC9C2F-8CF1-46A9-8C0D-32473686EA17}.Debug|Any CPU.ActiveCfg = Debug|Any CPU
		{FDBC9C2F-8CF1-46A9-8C0D-32473686EA17}.Debug|Any CPU.Build.0 = Debug|Any CPU
		{FDBC9C2F-8CF1-46A9-8C0D-32473686EA17}.Release|Any CPU.ActiveCfg = Release|Any CPU
		{FDBC9C2F-8CF1-46A9-8C0D-32473686EA17}.Release|Any CPU.Build.0 = Release|Any CPU
		{C2742165-3129-4C89-82C4-00D712713EAB}.Debug|Any CPU.ActiveCfg = Debug|Any CPU
		{C2742165-3129-4C89-82C4-00D712713EAB}.Debug|Any CPU.Build.0 = Debug|Any CPU
		{C2742165-3129-4C89-82C4-00D712713EAB}.Release|Any CPU.ActiveCfg = Release|Any CPU
		{C2742165-3129-4C89-82C4-00D712713EAB}.Release|Any CPU.Build.0 = Release|Any CPU
		{A06D9F81-7E4F-42B4-B152-1A7BB44D1E8A}.Debug|Any CPU.ActiveCfg = Debug|Any CPU
		{A06D9F81-7E4F-42B4-B152-1A7BB44D1E8A}.Debug|Any CPU.Build.0 = Debug|Any CPU
		{A06D9F81-7E4F-42B4-B152-1A7BB44D1E8A}.Release|Any CPU.ActiveCfg = Release|Any CPU
		{A06D9F81-7E4F-42B4-B152-1A7BB44D1E8A}.Release|Any CPU.Build.0 = Release|Any CPU
		{2594CA33-D739-4B87-9A96-1C0098017494}.Debug|Any CPU.ActiveCfg = Debug|Any CPU
		{2594CA33-D739-4B87-9A96-1C0098017494}.Debug|Any CPU.Build.0 = Debug|Any CPU
		{2594CA33-D739-4B87-9A96-1C0098017494}.Release|Any CPU.ActiveCfg = Release|Any CPU
		{2594CA33-D739-4B87-9A96-1C0098017494}.Release|Any CPU.Build.0 = Release|Any CPU
		{57B8AF65-E328-41B7-AEB7-42C26F0DAE9E}.Debug|Any CPU.ActiveCfg = Debug|Any CPU
		{57B8AF65-E328-41B7-AEB7-42C26F0DAE9E}.Debug|Any CPU.Build.0 = Debug|Any CPU
		{57B8AF65-E328-41B7-AEB7-42C26F0DAE9E}.Release|Any CPU.ActiveCfg = Release|Any CPU
		{57B8AF65-E328-41B7-AEB7-42C26F0DAE9E}.Release|Any CPU.Build.0 = Release|Any CPU
		{3760A0E7-73AD-4E0D-BFB8-D5A13F1C96E2}.Debug|Any CPU.ActiveCfg = Debug|Any CPU
		{3760A0E7-73AD-4E0D-BFB8-D5A13F1C96E2}.Debug|Any CPU.Build.0 = Debug|Any CPU
		{3760A0E7-73AD-4E0D-BFB8-D5A13F1C96E2}.Release|Any CPU.ActiveCfg = Release|Any CPU
		{3760A0E7-73AD-4E0D-BFB8-D5A13F1C96E2}.Release|Any CPU.Build.0 = Release|Any CPU
		{BCDB5779-2BA6-4570-B105-ACE09F504649}.Debug|Any CPU.ActiveCfg = Debug|Any CPU
		{BCDB5779-2BA6-4570-B105-ACE09F504649}.Debug|Any CPU.Build.0 = Debug|Any CPU
		{BCDB5779-2BA6-4570-B105-ACE09F504649}.Release|Any CPU.ActiveCfg = Release|Any CPU
		{BCDB5779-2BA6-4570-B105-ACE09F504649}.Release|Any CPU.Build.0 = Release|Any CPU
		{65399229-F51A-4F7B-8BFE-3C154A028F75}.Debug|Any CPU.ActiveCfg = Debug|Any CPU
		{65399229-F51A-4F7B-8BFE-3C154A028F75}.Debug|Any CPU.Build.0 = Debug|Any CPU
		{65399229-F51A-4F7B-8BFE-3C154A028F75}.Release|Any CPU.ActiveCfg = Release|Any CPU
		{65399229-F51A-4F7B-8BFE-3C154A028F75}.Release|Any CPU.Build.0 = Release|Any CPU
	EndGlobalSection
	GlobalSection(SolutionProperties) = preSolution
		HideSolutionNode = FALSE
	EndGlobalSection
	GlobalSection(NestedProjects) = preSolution
		{112643C0-0B46-45A7-B9DB-D086C968A193} = {84A7947A-F019-4362-AEE5-2FC088E88A50}
		{E42BA438-E1B2-4F7F-B2DB-26C4D718B82E} = {84A7947A-F019-4362-AEE5-2FC088E88A50}
		{E112663A-B566-491F-8E71-3A96F5E7087C} = {84A7947A-F019-4362-AEE5-2FC088E88A50}
		{D46B894E-599B-4D8F-A55D-B5384F01E2D9} = {84A7947A-F019-4362-AEE5-2FC088E88A50}
		{FDBC9C2F-8CF1-46A9-8C0D-32473686EA17} = {84A7947A-F019-4362-AEE5-2FC088E88A50}
		{A06D9F81-7E4F-42B4-B152-1A7BB44D1E8A} = {34CACAAD-87C5-4B99-A4F2-18F3F2B17E9F}
		{2594CA33-D739-4B87-9A96-1C0098017494} = {34CACAAD-87C5-4B99-A4F2-18F3F2B17E9F}
		{57B8AF65-E328-41B7-AEB7-42C26F0DAE9E} = {34CACAAD-87C5-4B99-A4F2-18F3F2B17E9F}
		{3760A0E7-73AD-4E0D-BFB8-D5A13F1C96E2} = {34CACAAD-87C5-4B99-A4F2-18F3F2B17E9F}
		{BCDB5779-2BA6-4570-B105-ACE09F504649} = {34CACAAD-87C5-4B99-A4F2-18F3F2B17E9F}
		{65399229-F51A-4F7B-8BFE-3C154A028F75} = {34CACAAD-87C5-4B99-A4F2-18F3F2B17E9F}
	EndGlobalSection
	GlobalSection(ExtensibilityGlobals) = postSolution
		SolutionGuid = {3F33309F-BBC8-4735-B337-6A8581197F62}
	EndGlobalSection
EndGlobal
